
Microsoft Visual Studio Solution File, Format Version 12.00
# Visual Studio Version 17
VisualStudioVersion = 17.9.34728.123
MinimumVisualStudioVersion = 10.0.40219.1
Project("{FAE04EC0-301F-11D3-BF4B-00C04F79EFBC}") = "Eventify", "Eventify\Eventify.csproj", "{A7D04BFA-747E-47DC-97DA-6E4EE0FCC551}"
EndProject
Global
	GlobalSection(SolutionConfigurationPlatforms) = preSolution
		Debug|Any CPU = Debug|Any CPU
		Release|Any CPU = Release|Any CPU
	EndGlobalSection
	GlobalSection(ProjectConfigurationPlatforms) = postSolution
		{A7D04BFA-747E-47DC-97DA-6E4EE0FCC551}.Debug|Any CPU.ActiveCfg = Debug|Any CPU
		{A7D04BFA-747E-47DC-97DA-6E4EE0FCC551}.Debug|Any CPU.Build.0 = Debug|Any CPU
		{A7D04BFA-747E-47DC-97DA-6E4EE0FCC551}.Release|Any CPU.ActiveCfg = Release|Any CPU
		{A7D04BFA-747E-47DC-97DA-6E4EE0FCC551}.Release|Any CPU.Build.0 = Release|Any CPU
	EndGlobalSection
	GlobalSection(SolutionProperties) = preSolution
		HideSolutionNode = FALSE
	EndGlobalSection
	GlobalSection(ExtensibilityGlobals) = postSolution
		SolutionGuid = {73F26569-5CC0-4C7D-BC9F-7E53507F314D}
	EndGlobalSection
EndGlobal
